
Microsoft Visual Studio Solution File, Format Version 12.00
# Visual Studio Version 17
VisualStudioVersion = 17.7.34202.233
MinimumVisualStudioVersion = 10.0.40219.1
Project("{FAE04EC0-301F-11D3-BF4B-00C04F79EFBC}") = "proiect", "proiect.csproj", "{6DB33F2F-C044-47C4-ACAF-D7B728CEADCC}"
EndProject
Global
	GlobalSection(SolutionConfigurationPlatforms) = preSolution
		Debug|Any CPU = Debug|Any CPU
		Release|Any CPU = Release|Any CPU
	EndGlobalSection
	GlobalSection(ProjectConfigurationPlatforms) = postSolution
		{6DB33F2F-C044-47C4-ACAF-D7B728CEADCC}.Debug|Any CPU.ActiveCfg = Debug|Any CPU
		{6DB33F2F-C044-47C4-ACAF-D7B728CEADCC}.Debug|Any CPU.Build.0 = Debug|Any CPU
		{6DB33F2F-C044-47C4-ACAF-D7B728CEADCC}.Release|Any CPU.ActiveCfg = Release|Any CPU
		{6DB33F2F-C044-47C4-ACAF-D7B728CEADCC}.Release|Any CPU.Build.0 = Release|Any CPU
	EndGlobalSection
	GlobalSection(SolutionProperties) = preSolution
		HideSolutionNode = FALSE
	EndGlobalSection
	GlobalSection(ExtensibilityGlobals) = postSolution
		SolutionGuid = {1ADC1DF3-18FF-45F0-9008-06274C48023C}
	EndGlobalSection
EndGlobal
